// !$*UTF8*$!
{
	archiveVersion = 1;
	classes = {
	};
	objectVersion = 46;
	objects = {

/* Begin PBXBuildFile section */
		CD6E67EE1DF670070027BA07 /* Bolts.framework in Frameworks */ = {isa = PBXBuildFile; fileRef = CD6E67EB1DF670070027BA07 /* Bolts.framework */; };
		CD6E67EF1DF670070027BA07 /* FBSDKCoreKit.framework in Frameworks */ = {isa = PBXBuildFile; fileRef = CD6E67EC1DF670070027BA07 /* FBSDKCoreKit.framework */; };
		CD6E67F01DF670070027BA07 /* FBSDKLoginKit.framework in Frameworks */ = {isa = PBXBuildFile; fileRef = CD6E67ED1DF670070027BA07 /* FBSDKLoginKit.framework */; };
		CD6E67FB1DF6725A0027BA07 /* AppDelegate.swift in Sources */ = {isa = PBXBuildFile; fileRef = CD6E67F21DF6725A0027BA07 /* AppDelegate.swift */; };
		CD6E67FC1DF6725A0027BA07 /* LaunchScreen.storyboard in Resources */ = {isa = PBXBuildFile; fileRef = CD6E67F41DF6725A0027BA07 /* LaunchScreen.storyboard */; };
		CD6E67FF1DF6725A0027BA07 /* Assets.xcassets in Resources */ = {isa = PBXBuildFile; fileRef = CD6E67FA1DF6725A0027BA07 /* Assets.xcassets */; };
		CD6E68101DF675700027BA07 /* RegisterViewController.swift in Sources */ = {isa = PBXBuildFile; fileRef = CD6E680C1DF675700027BA07 /* RegisterViewController.swift */; };
		CD6E68111DF675700027BA07 /* RegisterViewController.xib in Resources */ = {isa = PBXBuildFile; fileRef = CD6E680D1DF675700027BA07 /* RegisterViewController.xib */; };
		CD6E68141DF6782B0027BA07 /* LoginViewController.swift in Sources */ = {isa = PBXBuildFile; fileRef = CD6E68121DF6782B0027BA07 /* LoginViewController.swift */; };
		CD6E68151DF6782B0027BA07 /* LoginViewController.xib in Resources */ = {isa = PBXBuildFile; fileRef = CD6E68131DF6782B0027BA07 /* LoginViewController.xib */; };
		CD6E68171DF67EBD0027BA07 /* FacebookHelper.swift in Sources */ = {isa = PBXBuildFile; fileRef = CD6E68161DF67EBD0027BA07 /* FacebookHelper.swift */; };
		CD8DDAC71DF6AB7200A077FE /* UIHelper.swift in Sources */ = {isa = PBXBuildFile; fileRef = CD8DDAC61DF6AB7200A077FE /* UIHelper.swift */; };
		E341085FDAB4FF0F03039196 /* Pods_homework.framework in Frameworks */ = {isa = PBXBuildFile; fileRef = 70661D638708DBAA83C4B189 /* Pods_homework.framework */; };
/* End PBXBuildFile section */

/* Begin PBXFileReference section */
		70661D638708DBAA83C4B189 /* Pods_homework.framework */ = {isa = PBXFileReference; explicitFileType = wrapper.framework; includeInIndex = 0; path = Pods_homework.framework; sourceTree = BUILT_PRODUCTS_DIR; };
		7F309C984F926FED3A67882C /* Pods-homework.release.xcconfig */ = {isa = PBXFileReference; includeInIndex = 1; lastKnownFileType = text.xcconfig; name = "Pods-homework.release.xcconfig"; path = "Pods/Target Support Files/Pods-homework/Pods-homework.release.xcconfig"; sourceTree = "<group>"; };
		CD6E67EB1DF670070027BA07 /* Bolts.framework */ = {isa = PBXFileReference; lastKnownFileType = wrapper.framework; path = Bolts.framework; sourceTree = "<group>"; };
		CD6E67EC1DF670070027BA07 /* FBSDKCoreKit.framework */ = {isa = PBXFileReference; lastKnownFileType = wrapper.framework; path = FBSDKCoreKit.framework; sourceTree = "<group>"; };
		CD6E67ED1DF670070027BA07 /* FBSDKLoginKit.framework */ = {isa = PBXFileReference; lastKnownFileType = wrapper.framework; path = FBSDKLoginKit.framework; sourceTree = "<group>"; };
		CD6E67F21DF6725A0027BA07 /* AppDelegate.swift */ = {isa = PBXFileReference; fileEncoding = 4; lastKnownFileType = sourcecode.swift; path = AppDelegate.swift; sourceTree = "<group>"; };
		CD6E67F51DF6725A0027BA07 /* Base */ = {isa = PBXFileReference; lastKnownFileType = file.storyboard; name = Base; path = Base.lproj/LaunchScreen.storyboard; sourceTree = "<group>"; };
		CD6E67F81DF6725A0027BA07 /* Info.plist */ = {isa = PBXFileReference; fileEncoding = 4; lastKnownFileType = text.plist.xml; path = Info.plist; sourceTree = "<group>"; };
		CD6E67FA1DF6725A0027BA07 /* Assets.xcassets */ = {isa = PBXFileReference; lastKnownFileType = folder.assetcatalog; path = Assets.xcassets; sourceTree = "<group>"; };
		CD6E680C1DF675700027BA07 /* RegisterViewController.swift */ = {isa = PBXFileReference; fileEncoding = 4; lastKnownFileType = sourcecode.swift; path = RegisterViewController.swift; sourceTree = "<group>"; };
		CD6E680D1DF675700027BA07 /* RegisterViewController.xib */ = {isa = PBXFileReference; fileEncoding = 4; lastKnownFileType = file.xib; path = RegisterViewController.xib; sourceTree = "<group>"; };
		CD6E68121DF6782B0027BA07 /* LoginViewController.swift */ = {isa = PBXFileReference; fileEncoding = 4; lastKnownFileType = sourcecode.swift; path = LoginViewController.swift; sourceTree = "<group>"; };
		CD6E68131DF6782B0027BA07 /* LoginViewController.xib */ = {isa = PBXFileReference; fileEncoding = 4; lastKnownFileType = file.xib; path = LoginViewController.xib; sourceTree = "<group>"; };
		CD6E68161DF67EBD0027BA07 /* FacebookHelper.swift */ = {isa = PBXFileReference; fileEncoding = 4; lastKnownFileType = sourcecode.swift; path = FacebookHelper.swift; sourceTree = "<group>"; };
		CD8DDAC61DF6AB7200A077FE /* UIHelper.swift */ = {isa = PBXFileReference; fileEncoding = 4; lastKnownFileType = sourcecode.swift; path = UIHelper.swift; sourceTree = "<group>"; };
		CDBDC7AD1DF66950007A8EB2 /* homework.app */ = {isa = PBXFileReference; explicitFileType = wrapper.application; includeInIndex = 0; path = homework.app; sourceTree = BUILT_PRODUCTS_DIR; };
		EDBC2947CDCC80D12379183D /* Pods-homework.debug.xcconfig */ = {isa = PBXFileReference; includeInIndex = 1; lastKnownFileType = text.xcconfig; name = "Pods-homework.debug.xcconfig"; path = "Pods/Target Support Files/Pods-homework/Pods-homework.debug.xcconfig"; sourceTree = "<group>"; };
/* End PBXFileReference section */

/* Begin PBXFrameworksBuildPhase section */
		CDBDC7AA1DF6694F007A8EB2 /* Frameworks */ = {
			isa = PBXFrameworksBuildPhase;
			buildActionMask = 2147483647;
			files = (
				CD6E67EE1DF670070027BA07 /* Bolts.framework in Frameworks */,
				CD6E67EF1DF670070027BA07 /* FBSDKCoreKit.framework in Frameworks */,
				CD6E67F01DF670070027BA07 /* FBSDKLoginKit.framework in Frameworks */,
				E341085FDAB4FF0F03039196 /* Pods_homework.framework in Frameworks */,
			);
			runOnlyForDeploymentPostprocessing = 0;
		};
/* End PBXFrameworksBuildPhase section */

/* Begin PBXGroup section */
		68A5B1DF20D4605C6892D59E /* Pods */ = {
			isa = PBXGroup;
			children = (
				EDBC2947CDCC80D12379183D /* Pods-homework.debug.xcconfig */,
				7F309C984F926FED3A67882C /* Pods-homework.release.xcconfig */,
			);
			name = Pods;
			sourceTree = "<group>";
		};
		9CF62688A0C7B2DD908FD01E /* Frameworks */ = {
			isa = PBXGroup;
			children = (
				70661D638708DBAA83C4B189 /* Pods_homework.framework */,
			);
			name = Frameworks;
			sourceTree = "<group>";
		};
		CD6E67E71DF670070027BA07 /* Cores */ = {
			isa = PBXGroup;
			children = (
				CD6E67E81DF670070027BA07 /* Helper */,
				CD6E67E91DF670070027BA07 /* ViewControllers */,
			);
			path = Cores;
			sourceTree = "<group>";
		};
		CD6E67E81DF670070027BA07 /* Helper */ = {
			isa = PBXGroup;
			children = (
				CD6E68161DF67EBD0027BA07 /* FacebookHelper.swift */,
				CD8DDAC61DF6AB7200A077FE /* UIHelper.swift */,
			);
			path = Helper;
			sourceTree = "<group>";
		};
		CD6E67E91DF670070027BA07 /* ViewControllers */ = {
			isa = PBXGroup;
			children = (
				CD6E68081DF675700027BA07 /* LoginViewController */,
				CD6E680B1DF675700027BA07 /* RegisterViewController */,
			);
			path = ViewControllers;
			sourceTree = "<group>";
		};
		CD6E67EA1DF670070027BA07 /* Frameworks */ = {
			isa = PBXGroup;
			children = (
				CD6E67EB1DF670070027BA07 /* Bolts.framework */,
				CD6E67EC1DF670070027BA07 /* FBSDKCoreKit.framework */,
				CD6E67ED1DF670070027BA07 /* FBSDKLoginKit.framework */,
			);
			path = Frameworks;
			sourceTree = "<group>";
		};
		CD6E67F11DF6725A0027BA07 /* AppDelegate */ = {
			isa = PBXGroup;
			children = (
				CD6E67F21DF6725A0027BA07 /* AppDelegate.swift */,
			);
			path = AppDelegate;
			sourceTree = "<group>";
		};
		CD6E67F31DF6725A0027BA07 /* Main */ = {
			isa = PBXGroup;
			children = (
				CD6E67F41DF6725A0027BA07 /* LaunchScreen.storyboard */,
				CD6E67F81DF6725A0027BA07 /* Info.plist */,
			);
			path = Main;
			sourceTree = "<group>";
		};
		CD6E67F91DF6725A0027BA07 /* Resources */ = {
			isa = PBXGroup;
			children = (
				CD6E67FA1DF6725A0027BA07 /* Assets.xcassets */,
			);
			path = Resources;
			sourceTree = "<group>";
		};
		CD6E68081DF675700027BA07 /* LoginViewController */ = {
			isa = PBXGroup;
			children = (
				CD6E68121DF6782B0027BA07 /* LoginViewController.swift */,
				CD6E68131DF6782B0027BA07 /* LoginViewController.xib */,
			);
			path = LoginViewController;
			sourceTree = "<group>";
		};
		CD6E680B1DF675700027BA07 /* RegisterViewController */ = {
			isa = PBXGroup;
			children = (
				CD6E680C1DF675700027BA07 /* RegisterViewController.swift */,
				CD6E680D1DF675700027BA07 /* RegisterViewController.xib */,
			);
			path = RegisterViewController;
			sourceTree = "<group>";
		};
		CDBDC7A41DF6694F007A8EB2 = {
			isa = PBXGroup;
			children = (
				CDBDC7AF1DF66950007A8EB2 /* homework */,
				CDBDC7AE1DF66950007A8EB2 /* Products */,
				68A5B1DF20D4605C6892D59E /* Pods */,
				9CF62688A0C7B2DD908FD01E /* Frameworks */,
			);
			sourceTree = "<group>";
		};
		CDBDC7AE1DF66950007A8EB2 /* Products */ = {
			isa = PBXGroup;
			children = (
				CDBDC7AD1DF66950007A8EB2 /* homework.app */,
			);
			name = Products;
			sourceTree = "<group>";
		};
		CDBDC7AF1DF66950007A8EB2 /* homework */ = {
			isa = PBXGroup;
			children = (
				CD6E67F11DF6725A0027BA07 /* AppDelegate */,
				CD6E67F31DF6725A0027BA07 /* Main */,
				CD6E67F91DF6725A0027BA07 /* Resources */,
				CD6E67E71DF670070027BA07 /* Cores */,
				CD6E67EA1DF670070027BA07 /* Frameworks */,
			);
			path = homework;
			sourceTree = "<group>";
		};
/* End PBXGroup section */

/* Begin PBXNativeTarget section */
		CDBDC7AC1DF6694F007A8EB2 /* homework */ = {
			isa = PBXNativeTarget;
			buildConfigurationList = CDBDC7BF1DF66950007A8EB2 /* Build configuration list for PBXNativeTarget "homework" */;
			buildPhases = (
				14AC4E7492B985C9B55C0D98 /* [CP] Check Pods Manifest.lock */,
				CDBDC7A91DF6694F007A8EB2 /* Sources */,
				CDBDC7AA1DF6694F007A8EB2 /* Frameworks */,
				CDBDC7AB1DF6694F007A8EB2 /* Resources */,
				D27E3115152CFA4C1C1B1F7C /* [CP] Embed Pods Frameworks */,
				67792CF2AA504F147EC840B7 /* [CP] Copy Pods Resources */,
			);
			buildRules = (
			);
			dependencies = (
			);
			name = homework;
			productName = homework;
			productReference = CDBDC7AD1DF66950007A8EB2 /* homework.app */;
			productType = "com.apple.product-type.application";
		};
/* End PBXNativeTarget section */

/* Begin PBXProject section */
		CDBDC7A51DF6694F007A8EB2 /* Project object */ = {
			isa = PBXProject;
			attributes = {
				LastSwiftUpdateCheck = 0810;
				LastUpgradeCheck = 0810;
				ORGANIZATIONNAME = Junest;
				TargetAttributes = {
					CDBDC7AC1DF6694F007A8EB2 = {
						CreatedOnToolsVersion = 8.1;
						ProvisioningStyle = Automatic;
					};
				};
			};
			buildConfigurationList = CDBDC7A81DF6694F007A8EB2 /* Build configuration list for PBXProject "homework" */;
			compatibilityVersion = "Xcode 3.2";
			developmentRegion = English;
			hasScannedForEncodings = 0;
			knownRegions = (
				en,
				Base,
			);
			mainGroup = CDBDC7A41DF6694F007A8EB2;
			productRefGroup = CDBDC7AE1DF66950007A8EB2 /* Products */;
			projectDirPath = "";
			projectRoot = "";
			targets = (
				CDBDC7AC1DF6694F007A8EB2 /* homework */,
			);
		};
/* End PBXProject section */

/* Begin PBXResourcesBuildPhase section */
		CDBDC7AB1DF6694F007A8EB2 /* Resources */ = {
			isa = PBXResourcesBuildPhase;
			buildActionMask = 2147483647;
			files = (
				CD6E68151DF6782B0027BA07 /* LoginViewController.xib in Resources */,
				CD6E67FC1DF6725A0027BA07 /* LaunchScreen.storyboard in Resources */,
				CD6E68111DF675700027BA07 /* RegisterViewController.xib in Resources */,
				CD6E67FF1DF6725A0027BA07 /* Assets.xcassets in Resources */,
			);
			runOnlyForDeploymentPostprocessing = 0;
		};
/* End PBXResourcesBuildPhase section */

/* Begin PBXShellScriptBuildPhase section */
		14AC4E7492B985C9B55C0D98 /* [CP] Check Pods Manifest.lock */ = {
			isa = PBXShellScriptBuildPhase;
			buildActionMask = 2147483647;
			files = (
			);
			inputPaths = (
			);
			name = "[CP] Check Pods Manifest.lock";
			outputPaths = (
			);
			runOnlyForDeploymentPostprocessing = 0;
			shellPath = /bin/sh;
			shellScript = "diff \"${PODS_ROOT}/../Podfile.lock\" \"${PODS_ROOT}/Manifest.lock\" > /dev/null\nif [ $? != 0 ] ; then\n    # print error to STDERR\n    echo \"error: The sandbox is not in sync with the Podfile.lock. Run 'pod install' or update your CocoaPods installation.\" >&2\n    exit 1\nfi\n";
			showEnvVarsInLog = 0;
		};
		67792CF2AA504F147EC840B7 /* [CP] Copy Pods Resources */ = {
			isa = PBXShellScriptBuildPhase;
			buildActionMask = 2147483647;
			files = (
			);
			inputPaths = (
			);
			name = "[CP] Copy Pods Resources";
			outputPaths = (
			);
			runOnlyForDeploymentPostprocessing = 0;
			shellPath = /bin/sh;
			shellScript = "\"${SRCROOT}/Pods/Target Support Files/Pods-homework/Pods-homework-resources.sh\"\n";
			showEnvVarsInLog = 0;
		};
		D27E3115152CFA4C1C1B1F7C /* [CP] Embed Pods Frameworks */ = {
			isa = PBXShellScriptBuildPhase;
			buildActionMask = 2147483647;
			files = (
			);
			inputPaths = (
			);
			name = "[CP] Embed Pods Frameworks";
			outputPaths = (
			);
			runOnlyForDeploymentPostprocessing = 0;
			shellPath = /bin/sh;
			shellScript = "\"${SRCROOT}/Pods/Target Support Files/Pods-homework/Pods-homework-frameworks.sh\"\n";
			showEnvVarsInLog = 0;
		};
/* End PBXShellScriptBuildPhase section */

/* Begin PBXSourcesBuildPhase section */
		CDBDC7A91DF6694F007A8EB2 /* Sources */ = {
			isa = PBXSourcesBuildPhase;
			buildActionMask = 2147483647;
			files = (
				CD6E68141DF6782B0027BA07 /* LoginViewController.swift in Sources */,
				CD6E68171DF67EBD0027BA07 /* FacebookHelper.swift in Sources */,
				CD6E68101DF675700027BA07 /* RegisterViewController.swift in Sources */,
				CD8DDAC71DF6AB7200A077FE /* UIHelper.swift in Sources */,
				CD6E67FB1DF6725A0027BA07 /* AppDelegate.swift in Sources */,
			);
			runOnlyForDeploymentPostprocessing = 0;
		};
/* End PBXSourcesBuildPhase section */

/* Begin PBXVariantGroup section */
		CD6E67F41DF6725A0027BA07 /* LaunchScreen.storyboard */ = {
			isa = PBXVariantGroup;
			children = (
				CD6E67F51DF6725A0027BA07 /* Base */,
			);
			name = LaunchScreen.storyboard;
			sourceTree = "<group>";
		};
/* End PBXVariantGroup section */

/* Begin XCBuildConfiguration section */
		CDBDC7BD1DF66950007A8EB2 /* Debug */ = {
			isa = XCBuildConfiguration;
			buildSettings = {
				ALWAYS_SEARCH_USER_PATHS = NO;
				CLANG_ANALYZER_NONNULL = YES;
				CLANG_CXX_LANGUAGE_STANDARD = "gnu++0x";
				CLANG_CXX_LIBRARY = "libc++";
				CLANG_ENABLE_MODULES = YES;
				CLANG_ENABLE_OBJC_ARC = YES;
				CLANG_WARN_BOOL_CONVERSION = YES;
				CLANG_WARN_CONSTANT_CONVERSION = YES;
				CLANG_WARN_DIRECT_OBJC_ISA_USAGE = YES_ERROR;
				CLANG_WARN_DOCUMENTATION_COMMENTS = YES;
				CLANG_WARN_EMPTY_BODY = YES;
				CLANG_WARN_ENUM_CONVERSION = YES;
				CLANG_WARN_INFINITE_RECURSION = YES;
				CLANG_WARN_INT_CONVERSION = YES;
				CLANG_WARN_OBJC_ROOT_CLASS = YES_ERROR;
				CLANG_WARN_SUSPICIOUS_MOVES = YES;
				CLANG_WARN_UNREACHABLE_CODE = YES;
				CLANG_WARN__DUPLICATE_METHOD_MATCH = YES;
				"CODE_SIGN_IDENTITY[sdk=iphoneos*]" = "iPhone Developer";
				COPY_PHASE_STRIP = NO;
				DEBUG_INFORMATION_FORMAT = dwarf;
				ENABLE_STRICT_OBJC_MSGSEND = YES;
				ENABLE_TESTABILITY = YES;
				GCC_C_LANGUAGE_STANDARD = gnu99;
				GCC_DYNAMIC_NO_PIC = NO;
				GCC_NO_COMMON_BLOCKS = YES;
				GCC_OPTIMIZATION_LEVEL = 0;
				GCC_PREPROCESSOR_DEFINITIONS = (
					"DEBUG=1",
					"$(inherited)",
				);
				GCC_WARN_64_TO_32_BIT_CONVERSION = YES;
				GCC_WARN_ABOUT_RETURN_TYPE = YES_ERROR;
				GCC_WARN_UNDECLARED_SELECTOR = YES;
				GCC_WARN_UNINITIALIZED_AUTOS = YES_AGGRESSIVE;
				GCC_WARN_UNUSED_FUNCTION = YES;
				GCC_WARN_UNUSED_VARIABLE = YES;
				IPHONEOS_DEPLOYMENT_TARGET = 10.1;
				MTL_ENABLE_DEBUG_INFO = YES;
				ONLY_ACTIVE_ARCH = YES;
				SDKROOT = iphoneos;
				SWIFT_ACTIVE_COMPILATION_CONDITIONS = DEBUG;
				SWIFT_OPTIMIZATION_LEVEL = "-Onone";
			};
			name = Debug;
		};
		CDBDC7BE1DF66950007A8EB2 /* Release */ = {
			isa = XCBuildConfiguration;
			buildSettings = {
				ALWAYS_SEARCH_USER_PATHS = NO;
				CLANG_ANALYZER_NONNULL = YES;
				CLANG_CXX_LANGUAGE_STANDARD = "gnu++0x";
				CLANG_CXX_LIBRARY = "libc++";
				CLANG_ENABLE_MODULES = YES;
				CLANG_ENABLE_OBJC_ARC = YES;
				CLANG_WARN_BOOL_CONVERSION = YES;
				CLANG_WARN_CONSTANT_CONVERSION = YES;
				CLANG_WARN_DIRECT_OBJC_ISA_USAGE = YES_ERROR;
				CLANG_WARN_DOCUMENTATION_COMMENTS = YES;
				CLANG_WARN_EMPTY_BODY = YES;
				CLANG_WARN_ENUM_CONVERSION = YES;
				CLANG_WARN_INFINITE_RECURSION = YES;
				CLANG_WARN_INT_CONVERSION = YES;
				CLANG_WARN_OBJC_ROOT_CLASS = YES_ERROR;
				CLANG_WARN_SUSPICIOUS_MOVES = YES;
				CLANG_WARN_UNREACHABLE_CODE = YES;
				CLANG_WARN__DUPLICATE_METHOD_MATCH = YES;
				"CODE_SIGN_IDENTITY[sdk=iphoneos*]" = "iPhone Developer";
				COPY_PHASE_STRIP = NO;
				DEBUG_INFORMATION_FORMAT = "dwarf-with-dsym";
				ENABLE_NS_ASSERTIONS = NO;
				ENABLE_STRICT_OBJC_MSGSEND = YES;
				GCC_C_LANGUAGE_STANDARD = gnu99;
				GCC_NO_COMMON_BLOCKS = YES;
				GCC_WARN_64_TO_32_BIT_CONVERSION = YES;
				GCC_WARN_ABOUT_RETURN_TYPE = YES_ERROR;
				GCC_WARN_UNDECLARED_SELECTOR = YES;
				GCC_WARN_UNINITIALIZED_AUTOS = YES_AGGRESSIVE;
				GCC_WARN_UNUSED_FUNCTION = YES;
				GCC_WARN_UNUSED_VARIABLE = YES;
				IPHONEOS_DEPLOYMENT_TARGET = 10.1;
				MTL_ENABLE_DEBUG_INFO = NO;
				SDKROOT = iphoneos;
				SWIFT_OPTIMIZATION_LEVEL = "-Owholemodule";
				VALIDATE_PRODUCT = YES;
			};
			name = Release;
		};
		CDBDC7C01DF66950007A8EB2 /* Debug */ = {
			isa = XCBuildConfiguration;
			baseConfigurationReference = EDBC2947CDCC80D12379183D /* Pods-homework.debug.xcconfig */;
			buildSettings = {
				ASSETCATALOG_COMPILER_APPICON_NAME = AppIcon;
				FRAMEWORK_SEARCH_PATHS = (
					"$(inherited)",
					"$(PROJECT_DIR)/homework/Frameworks",
				);
				INFOPLIST_FILE = homework/Main/Info.plist;
				LD_RUNPATH_SEARCH_PATHS = "$(inherited) @executable_path/Frameworks";
				PRODUCT_BUNDLE_IDENTIFIER = smartDev.homework;
				PRODUCT_NAME = "$(TARGET_NAME)";
				SWIFT_VERSION = 3.0;
			};
			name = Debug;
		};
		CDBDC7C11DF66950007A8EB2 /* Release */ = {
			isa = XCBuildConfiguration;
			baseConfigurationReference = 7F309C984F926FED3A67882C /* Pods-homework.release.xcconfig */;
			buildSettings = {
				ASSETCATALOG_COMPILER_APPICON_NAME = AppIcon;
				FRAMEWORK_SEARCH_PATHS = (
					"$(inherited)",
					"$(PROJECT_DIR)/homework/Frameworks",
				);
				INFOPLIST_FILE = homework/Main/Info.plist;
				LD_RUNPATH_SEARCH_PATHS = "$(inherited) @executable_path/Frameworks";
				PRODUCT_BUNDLE_IDENTIFIER = smartDev.homework;
				PRODUCT_NAME = "$(TARGET_NAME)";
				SWIFT_VERSION = 3.0;
			};
			name = Release;
		};
/* End XCBuildConfiguration section */

/* Begin XCConfigurationList section */
		CDBDC7A81DF6694F007A8EB2 /* Build configuration list for PBXProject "homework" */ = {
			isa = XCConfigurationList;
			buildConfigurations = (
				CDBDC7BD1DF66950007A8EB2 /* Debug */,
				CDBDC7BE1DF66950007A8EB2 /* Release */,
			);
			defaultConfigurationIsVisible = 0;
			defaultConfigurationName = Release;
		};
		CDBDC7BF1DF66950007A8EB2 /* Build configuration list for PBXNativeTarget "homework" */ = {
			isa = XCConfigurationList;
			buildConfigurations = (
				CDBDC7C01DF66950007A8EB2 /* Debug */,
				CDBDC7C11DF66950007A8EB2 /* Release */,
			);
			defaultConfigurationIsVisible = 0;
			defaultConfigurationName = Release;
		};
/* End XCConfigurationList section */
	};
	rootObject = CDBDC7A51DF6694F007A8EB2 /* Project object */;
}
